{
  "pins" : [
    {
      "identity" : "linphone-sdk-swift-ios",
      "kind" : "remoteSourceControl",
      "location" : "https://gitlab.linphone.org/BC/public/linphone-sdk-swift-ios.git",
      "state" : {
        "revision" : "2d65f089792cb91c50f51dc26417c7d4c0ebb988",
        "version" : "5.4.24"
      }
    }
  ],
  "version" : 2
}
